{
  "name": "prepros-project",
  "version": "1.0.0",
  "lockfileVersion": 2,
  "requires": true,
  "packages": {
    "": {
      "name": "prepros-project",
      "version": "1.0.0",
      "dependencies": {
        "group-css-media-queries": "^1.4.1"
      }
    },
    "node_modules/atob": {
      "version": "2.1.2",
      "resolved": "https://registry.npmjs.org/atob/-/atob-2.1.2.tgz",
      "integrity": "sha512-Wm6ukoaOGJi/73p/cl2GvLjTI5JM1k/O14isD73YML8StrH/7/lRFgmg8nICZgD3bZZvjwCGxtMOD3wWNAu8cg==",
      "bin": {
        "atob": "bin/atob.js"
      },
      "engines": {
        "node": ">= 4.5.0"
      }
    },
    "node_modules/css": {
      "version": "2.2.4",
      "resolved": "https://registry.npmjs.org/css/-/css-2.2.4.tgz",
      "integrity": "sha512-oUnjmWpy0niI3x/mPL8dVEI1l7MnG3+HHyRPHf+YFSbK+svOhXpmSOcDURUh2aOCgl2grzrOPt1nHLuCVFULLw==",
      "dependencies": {
        "inherits": "^2.0.3",
        "source-map": "^0.6.1",
        "source-map-resolve": "^0.5.2",
        "urix": "^0.1.0"
      }
    },
    "node_modules/css-parse": {
      "version": "2.0.0",
      "resolved": "https://registry.npmjs.org/css-parse/-/css-parse-2.0.0.tgz",
      "integrity": "sha1-pGjuZnwW2BzPBcWMONKpfHgNv9Q=",
      "dependencies": {
        "css": "^2.0.0"
      }
    },
    "node_modules/css-stringify": {
      "version": "2.0.0",
      "resolved": "https://registry.npmjs.org/css-stringify/-/css-stringify-2.0.0.tgz",
      "integrity": "sha1-LvM9z0mMPT7oK9c9CgGsKGKM0Po=",
      "dependencies": {
        "css": "^2.0.0"
      }
    },
    "node_modules/decode-uri-component": {
      "version": "0.2.0",
      "resolved": "https://registry.npmjs.org/decode-uri-component/-/decode-uri-component-0.2.0.tgz",
      "integrity": "sha1-6zkTMzRYd1y4TNGh+uBiEGu4dUU=",
      "engines": {
        "node": ">=0.10"
      }
    },
    "node_modules/group-css-media-queries": {
      "version": "1.4.1",
      "resolved": "https://registry.npmjs.org/group-css-media-queries/-/group-css-media-queries-1.4.1.tgz",
      "integrity": "sha1-jlTLMcxFqcXgjrg4lAuKKAONcXU=",
      "dependencies": {
        "css-parse": "^2.0.0",
        "css-stringify": "^2.0.0"
      },
      "bin": {
        "group-css-media-queries": "bin/group-css-media-queries"
      },
      "engines": {
        "node": ">=0.8.0"
      }
    },
    "node_modules/inherits": {
      "version": "2.0.4",
      "resolved": "https://registry.npmjs.org/inherits/-/inherits-2.0.4.tgz",
      "integrity": "sha512-k/vGaX4/Yla3WzyMCvTQOXYeIHvqOKtnqBduzTHpzpQZzAskKMhZ2K+EnBiSM9zGSoIFeMpXKxa4dYeZIQqewQ=="
    },
    "node_modules/resolve-url": {
      "version": "0.2.1",
      "resolved": "https://registry.npmjs.org/resolve-url/-/resolve-url-0.2.1.tgz",
      "integrity": "sha1-LGN/53yJOv0qZj/iGqkIAGjiBSo="
    },
    "node_modules/source-map": {
      "version": "0.6.1",
      "resolved": "https://registry.npmjs.org/source-map/-/source-map-0.6.1.tgz",
      "integrity": "sha512-UjgapumWlbMhkBgzT7Ykc5YXUT46F0iKu8SGXq0bcwP5dz/h0Plj6enJqjz1Zbq2l5WaqYnrVbwWOWMyF3F47g==",
      "engines": {
        "node": ">=0.10.0"
      }
    },
    "node_modules/source-map-resolve": {
      "version": "0.5.3",
      "resolved": "https://registry.npmjs.org/source-map-resolve/-/source-map-resolve-0.5.3.tgz",
      "integrity": "sha512-Htz+RnsXWk5+P2slx5Jh3Q66vhQj1Cllm0zvnaY98+NFx+Dv2CF/f5O/t8x+KaNdrdIAsruNzoh/KpialbqAnw==",
      "dependencies": {
        "atob": "^2.1.2",
        "decode-uri-component": "^0.2.0",
        "resolve-url": "^0.2.1",
        "source-map-url": "^0.4.0",
        "urix": "^0.1.0"
      }
    },
    "node_modules/source-map-url": {
      "version": "0.4.1",
      "resolved": "https://registry.npmjs.org/source-map-url/-/source-map-url-0.4.1.tgz",
      "integrity": "sha512-cPiFOTLUKvJFIg4SKVScy4ilPPW6rFgMgfuZJPNoDuMs3nC1HbMUycBoJw77xFIp6z1UJQJOfx6C9GMH80DiTw=="
    },
    "node_modules/urix": {
      "version": "0.1.0",
      "resolved": "https://registry.npmjs.org/urix/-/urix-0.1.0.tgz",
      "integrity": "sha1-2pN/emLiH+wf0Y1Js1wpNQZ6bHI="
    }
  },
  "dependencies": {
    "atob": {
      "version": "2.1.2",
      "resolved": "https://registry.npmjs.org/atob/-/atob-2.1.2.tgz",
      "integrity": "sha512-Wm6ukoaOGJi/73p/cl2GvLjTI5JM1k/O14isD73YML8StrH/7/lRFgmg8nICZgD3bZZvjwCGxtMOD3wWNAu8cg=="
    },
    "css": {
      "version": "2.2.4",
      "resolved": "https://registry.npmjs.org/css/-/css-2.2.4.tgz",
      "integrity": "sha512-oUnjmWpy0niI3x/mPL8dVEI1l7MnG3+HHyRPHf+YFSbK+svOhXpmSOcDURUh2aOCgl2grzrOPt1nHLuCVFULLw==",
      "requires": {
        "inherits": "^2.0.3",
        "source-map": "^0.6.1",
        "source-map-resolve": "^0.5.2",
        "urix": "^0.1.0"
      }
    },
    "css-parse": {
      "version": "2.0.0",
      "resolved": "https://registry.npmjs.org/css-parse/-/css-parse-2.0.0.tgz",
      "integrity": "sha1-pGjuZnwW2BzPBcWMONKpfHgNv9Q=",
      "requires": {
        "css": "^2.0.0"
      }
    },
    "css-stringify": {
      "version": "2.0.0",
      "resolved": "https://registry.npmjs.org/css-stringify/-/css-stringify-2.0.0.tgz",
      "integrity": "sha1-LvM9z0mMPT7oK9c9CgGsKGKM0Po=",
      "requires": {
        "css": "^2.0.0"
      }
    },
    "decode-uri-component": {
      "version": "0.2.0",
      "resolved": "https://registry.npmjs.org/decode-uri-component/-/decode-uri-component-0.2.0.tgz",
      "integrity": "sha1-6zkTMzRYd1y4TNGh+uBiEGu4dUU="
    },
    "group-css-media-queries": {
      "version": "1.4.1",
      "resolved": "https://registry.npmjs.org/group-css-media-queries/-/group-css-media-queries-1.4.1.tgz",
      "integrity": "sha1-jlTLMcxFqcXgjrg4lAuKKAONcXU=",
      "requires": {
        "css-parse": "^2.0.0",
        "css-stringify": "^2.0.0"
      }
    },
    "inherits": {
      "version": "2.0.4",
      "resolved": "https://registry.npmjs.org/inherits/-/inherits-2.0.4.tgz",
      "integrity": "sha512-k/vGaX4/Yla3WzyMCvTQOXYeIHvqOKtnqBduzTHpzpQZzAskKMhZ2K+EnBiSM9zGSoIFeMpXKxa4dYeZIQqewQ=="
    },
    "resolve-url": {
      "version": "0.2.1",
      "resolved": "https://registry.npmjs.org/resolve-url/-/resolve-url-0.2.1.tgz",
      "integrity": "sha1-LGN/53yJOv0qZj/iGqkIAGjiBSo="
    },
    "source-map": {
      "version": "0.6.1",
      "resolved": "https://registry.npmjs.org/source-map/-/source-map-0.6.1.tgz",
      "integrity": "sha512-UjgapumWlbMhkBgzT7Ykc5YXUT46F0iKu8SGXq0bcwP5dz/h0Plj6enJqjz1Zbq2l5WaqYnrVbwWOWMyF3F47g=="
    },
    "source-map-resolve": {
      "version": "0.5.3",
      "resolved": "https://registry.npmjs.org/source-map-resolve/-/source-map-resolve-0.5.3.tgz",
      "integrity": "sha512-Htz+RnsXWk5+P2slx5Jh3Q66vhQj1Cllm0zvnaY98+NFx+Dv2CF/f5O/t8x+KaNdrdIAsruNzoh/KpialbqAnw==",
      "requires": {
        "atob": "^2.1.2",
        "decode-uri-component": "^0.2.0",
        "resolve-url": "^0.2.1",
        "source-map-url": "^0.4.0",
        "urix": "^0.1.0"
      }
    },
    "source-map-url": {
      "version": "0.4.1",
      "resolved": "https://registry.npmjs.org/source-map-url/-/source-map-url-0.4.1.tgz",
      "integrity": "sha512-cPiFOTLUKvJFIg4SKVScy4ilPPW6rFgMgfuZJPNoDuMs3nC1HbMUycBoJw77xFIp6z1UJQJOfx6C9GMH80DiTw=="
    },
    "urix": {
      "version": "0.1.0",
      "resolved": "https://registry.npmjs.org/urix/-/urix-0.1.0.tgz",
      "integrity": "sha1-2pN/emLiH+wf0Y1Js1wpNQZ6bHI="
    }
  }
}
